
Microsoft Visual Studio Solution File, Format Version 12.00
# Visual Studio 14
VisualStudioVersion = 14.0.25420.1
MinimumVisualStudioVersion = 10.0.40219.1
Project("{9092AA53-FB77-4645-B42D-1CCCA6BD08BD}") = "FC-Diploaf-Control", "FC-Diploaf-Control.njsproj", "{788CC58D-5F90-4B00-8A3D-5078235B7F28}"
EndProject
Global
	GlobalSection(SolutionConfigurationPlatforms) = preSolution
		Debug|Any CPU = Debug|Any CPU
		Release|Any CPU = Release|Any CPU
	EndGlobalSection
	GlobalSection(ProjectConfigurationPlatforms) = postSolution
		{788CC58D-5F90-4B00-8A3D-5078235B7F28}.Debug|Any CPU.ActiveCfg = Debug|Any CPU
		{788CC58D-5F90-4B00-8A3D-5078235B7F28}.Debug|Any CPU.Build.0 = Debug|Any CPU
		{788CC58D-5F90-4B00-8A3D-5078235B7F28}.Release|Any CPU.ActiveCfg = Release|Any CPU
		{788CC58D-5F90-4B00-8A3D-5078235B7F28}.Release|Any CPU.Build.0 = Release|Any CPU
	EndGlobalSection
	GlobalSection(SolutionProperties) = preSolution
		HideSolutionNode = FALSE
	EndGlobalSection
EndGlobal
